{
  "name": "html",
  "lockfileVersion": 2,
  "requires": true,
  "packages": {
    "": {
      "dependencies": {
        "@ruffle-rs/ruffle": "^0.1.0-nightly.2023.2.25"
      }
    },
    "node_modules/@ruffle-rs/ruffle": {
      "version": "0.1.0-nightly.2023.2.25",
      "resolved": "https://registry.npmjs.org/@ruffle-rs/ruffle/-/ruffle-0.1.0-nightly.2023.2.25.tgz",
      "integrity": "sha512-s3wGmTgT3tD4GTMMTUAJICI+BfSp5ZYUcCuo9REP+nFv5qBOq/rULnlKbS/JwQoZiXh5xP6tOUbR36cD9L/o+Q=="
    }
  },
  "dependencies": {
    "@ruffle-rs/ruffle": {
      "version": "0.1.0-nightly.2023.2.25",
      "resolved": "https://registry.npmjs.org/@ruffle-rs/ruffle/-/ruffle-0.1.0-nightly.2023.2.25.tgz",
      "integrity": "sha512-s3wGmTgT3tD4GTMMTUAJICI+BfSp5ZYUcCuo9REP+nFv5qBOq/rULnlKbS/JwQoZiXh5xP6tOUbR36cD9L/o+Q=="
    }
  }
}
